
Microsoft Visual Studio Solution File, Format Version 12.00
# Visual Studio 2012
Project("{FAE04EC0-301F-11D3-BF4B-00C04F79EFBC}") = "StudioGhibli", "StudioGhibli.csproj", "{0EB5B427-E97E-4D74-B99B-21EAA28A680D}"
EndProject
Project("{FAE04EC0-301F-11D3-BF4B-00C04F79EFBC}") = "StudioGhibli.iOS", "iOS\StudioGhibli.iOS.csproj", "{0BB76530-1B35-454C-B06E-4DC1351482EE}"
EndProject
Project("{FAE04EC0-301F-11D3-BF4B-00C04F79EFBC}") = "StudioGhibli.Droid", "Droid\StudioGhibli.Droid.csproj", "{DA15FD9E-7BFD-4BCF-9C8C-2914C2C23222}"
EndProject
Global
	GlobalSection(SolutionConfigurationPlatforms) = preSolution
		Debug|Any CPU = Debug|Any CPU
		Release|Any CPU = Release|Any CPU
		Debug|iPhoneSimulator = Debug|iPhoneSimulator
		Release|iPhone = Release|iPhone
		Release|iPhoneSimulator = Release|iPhoneSimulator
		Debug|iPhone = Debug|iPhone
	EndGlobalSection
	GlobalSection(ProjectConfigurationPlatforms) = postSolution
		{0EB5B427-E97E-4D74-B99B-21EAA28A680D}.Debug|Any CPU.ActiveCfg = Debug|Any CPU
		{0EB5B427-E97E-4D74-B99B-21EAA28A680D}.Debug|Any CPU.Build.0 = Debug|Any CPU
		{0EB5B427-E97E-4D74-B99B-21EAA28A680D}.Release|Any CPU.ActiveCfg = Release|Any CPU
		{0EB5B427-E97E-4D74-B99B-21EAA28A680D}.Release|Any CPU.Build.0 = Release|Any CPU
		{0EB5B427-E97E-4D74-B99B-21EAA28A680D}.Debug|iPhoneSimulator.ActiveCfg = Debug|Any CPU
		{0EB5B427-E97E-4D74-B99B-21EAA28A680D}.Debug|iPhoneSimulator.Build.0 = Debug|Any CPU
		{0EB5B427-E97E-4D74-B99B-21EAA28A680D}.Release|iPhone.ActiveCfg = Release|Any CPU
		{0EB5B427-E97E-4D74-B99B-21EAA28A680D}.Release|iPhone.Build.0 = Release|Any CPU
		{0EB5B427-E97E-4D74-B99B-21EAA28A680D}.Release|iPhoneSimulator.ActiveCfg = Release|Any CPU
		{0EB5B427-E97E-4D74-B99B-21EAA28A680D}.Release|iPhoneSimulator.Build.0 = Release|Any CPU
		{0EB5B427-E97E-4D74-B99B-21EAA28A680D}.Debug|iPhone.ActiveCfg = Debug|Any CPU
		{0EB5B427-E97E-4D74-B99B-21EAA28A680D}.Debug|iPhone.Build.0 = Debug|Any CPU
		{0BB76530-1B35-454C-B06E-4DC1351482EE}.Debug|Any CPU.ActiveCfg = Debug|iPhoneSimulator
		{0BB76530-1B35-454C-B06E-4DC1351482EE}.Debug|Any CPU.Build.0 = Debug|iPhoneSimulator
		{0BB76530-1B35-454C-B06E-4DC1351482EE}.Release|Any CPU.ActiveCfg = Release|iPhone
		{0BB76530-1B35-454C-B06E-4DC1351482EE}.Release|Any CPU.Build.0 = Release|iPhone
		{0BB76530-1B35-454C-B06E-4DC1351482EE}.Debug|iPhoneSimulator.ActiveCfg = Debug|iPhoneSimulator
		{0BB76530-1B35-454C-B06E-4DC1351482EE}.Debug|iPhoneSimulator.Build.0 = Debug|iPhoneSimulator
		{0BB76530-1B35-454C-B06E-4DC1351482EE}.Release|iPhone.ActiveCfg = Release|iPhone
		{0BB76530-1B35-454C-B06E-4DC1351482EE}.Release|iPhone.Build.0 = Release|iPhone
		{0BB76530-1B35-454C-B06E-4DC1351482EE}.Release|iPhoneSimulator.ActiveCfg = Release|iPhoneSimulator
		{0BB76530-1B35-454C-B06E-4DC1351482EE}.Release|iPhoneSimulator.Build.0 = Release|iPhoneSimulator
		{0BB76530-1B35-454C-B06E-4DC1351482EE}.Debug|iPhone.ActiveCfg = Debug|iPhone
		{0BB76530-1B35-454C-B06E-4DC1351482EE}.Debug|iPhone.Build.0 = Debug|iPhone
		{DA15FD9E-7BFD-4BCF-9C8C-2914C2C23222}.Debug|Any CPU.ActiveCfg = Debug|Any CPU
		{DA15FD9E-7BFD-4BCF-9C8C-2914C2C23222}.Debug|Any CPU.Build.0 = Debug|Any CPU
		{DA15FD9E-7BFD-4BCF-9C8C-2914C2C23222}.Release|Any CPU.ActiveCfg = Release|Any CPU
		{DA15FD9E-7BFD-4BCF-9C8C-2914C2C23222}.Release|Any CPU.Build.0 = Release|Any CPU
		{DA15FD9E-7BFD-4BCF-9C8C-2914C2C23222}.Debug|iPhoneSimulator.ActiveCfg = Debug|Any CPU
		{DA15FD9E-7BFD-4BCF-9C8C-2914C2C23222}.Debug|iPhoneSimulator.Build.0 = Debug|Any CPU
		{DA15FD9E-7BFD-4BCF-9C8C-2914C2C23222}.Release|iPhone.ActiveCfg = Release|Any CPU
		{DA15FD9E-7BFD-4BCF-9C8C-2914C2C23222}.Release|iPhone.Build.0 = Release|Any CPU
		{DA15FD9E-7BFD-4BCF-9C8C-2914C2C23222}.Release|iPhoneSimulator.ActiveCfg = Release|Any CPU
		{DA15FD9E-7BFD-4BCF-9C8C-2914C2C23222}.Release|iPhoneSimulator.Build.0 = Release|Any CPU
		{DA15FD9E-7BFD-4BCF-9C8C-2914C2C23222}.Debug|iPhone.ActiveCfg = Debug|Any CPU
		{DA15FD9E-7BFD-4BCF-9C8C-2914C2C23222}.Debug|iPhone.Build.0 = Debug|Any CPU
	EndGlobalSection
EndGlobal
